
Microsoft Visual Studio Solution File, Format Version 12.00
# Visual Studio 2017
Project("{FAE04EC0-301F-11D3-BF4B-00C04F79EFBC}") = "Agent Based Modelling", "Agent Based Modelling.csproj", "{4E2C6549-3539-7B5E-CBA2-494E851E20C3}"
EndProject
Project("{FAE04EC0-301F-11D3-BF4B-00C04F79EFBC}") = "Agent Based Modelling.Editor", "Agent Based Modelling.Editor.csproj", "{84C4352D-6B6A-D3D2-560F-8CCA4B7A916E}"
EndProject
Global
	GlobalSection(SolutionConfigurationPlatforms) = preSolution
		Debug|Any CPU = Debug|Any CPU
		Release|Any CPU = Release|Any CPU
	EndGlobalSection
	GlobalSection(ProjectConfigurationPlatforms) = postSolution
		{4E2C6549-3539-7B5E-CBA2-494E851E20C3}.Debug|Any CPU.ActiveCfg = Debug|Any CPU
		{4E2C6549-3539-7B5E-CBA2-494E851E20C3}.Debug|Any CPU.Build.0 = Debug|Any CPU
		{4E2C6549-3539-7B5E-CBA2-494E851E20C3}.Release|Any CPU.ActiveCfg = Release|Any CPU
		{4E2C6549-3539-7B5E-CBA2-494E851E20C3}.Release|Any CPU.Build.0 = Release|Any CPU
		{84C4352D-6B6A-D3D2-560F-8CCA4B7A916E}.Debug|Any CPU.ActiveCfg = Debug|Any CPU
		{84C4352D-6B6A-D3D2-560F-8CCA4B7A916E}.Debug|Any CPU.Build.0 = Debug|Any CPU
		{84C4352D-6B6A-D3D2-560F-8CCA4B7A916E}.Release|Any CPU.ActiveCfg = Release|Any CPU
		{84C4352D-6B6A-D3D2-560F-8CCA4B7A916E}.Release|Any CPU.Build.0 = Release|Any CPU
	EndGlobalSection
	GlobalSection(SolutionProperties) = preSolution
		HideSolutionNode = FALSE
	EndGlobalSection
EndGlobal
